// !$*UTF8*$!
{
	archiveVersion = 1;
	classes = {
	};
	objectVersion = 46;
	objects = {

/* Begin PBXBuildFile section */
		E6245F45150EBA8500B3ED4B /* PFGLKViewController.m in Sources */ = {isa = PBXBuildFile; fileRef = E6245F44150EBA8500B3ED4B /* PFGLKViewController.m */; };
		E660B50A14FC147A008E50EB /* Default@2x.png in Resources */ = {isa = PBXBuildFile; fileRef = E660B50314FC147A008E50EB /* Default@2x.png */; };
		E6781D071523E8A100A0CDF6 /* MoonMap_2500x1250.jpg in Resources */ = {isa = PBXBuildFile; fileRef = E6781D061523E8A100A0CDF6 /* MoonMap_2500x1250.jpg */; };
		E6781D0A1523EE1300A0CDF6 /* StarryBackgroundCubePanoramic.png in Resources */ = {isa = PBXBuildFile; fileRef = E6781D091523EE1300A0CDF6 /* StarryBackgroundCubePanoramic.png */; };
		E6781D0C1523EF3500A0CDF6 /* cube_faces_large.jpg in Resources */ = {isa = PBXBuildFile; fileRef = E6781D0B1523EF3500A0CDF6 /* cube_faces_large.jpg */; };
		E6781D0E1523F99300A0CDF6 /* StarryBackground.png in Resources */ = {isa = PBXBuildFile; fileRef = E6781D0D1523F99300A0CDF6 /* StarryBackground.png */; };
		E6781D1C1523FF3400A0CDF6 /* Stars.png in Resources */ = {isa = PBXBuildFile; fileRef = E6781D1B1523FF3400A0CDF6 /* Stars.png */; };
		E6781D1E1523FF7700A0CDF6 /* Stars_Small.png in Resources */ = {isa = PBXBuildFile; fileRef = E6781D1D1523FF7700A0CDF6 /* Stars_Small.png */; };
		E6781D201523FFD500A0CDF6 /* Stars_Silly.png in Resources */ = {isa = PBXBuildFile; fileRef = E6781D1F1523FFD500A0CDF6 /* Stars_Silly.png */; };
		E6781D221524030200A0CDF6 /* Stars_Silly_2.jpg in Resources */ = {isa = PBXBuildFile; fileRef = E6781D211524030200A0CDF6 /* Stars_Silly_2.jpg */; };
		E6781D241524059B00A0CDF6 /* Stars3.png in Resources */ = {isa = PBXBuildFile; fileRef = E6781D231524059A00A0CDF6 /* Stars3.png */; };
		E6781D26152405F000A0CDF6 /* HubblePanoramic_512_2.png in Resources */ = {isa = PBXBuildFile; fileRef = E6781D25152405F000A0CDF6 /* HubblePanoramic_512_2.png */; };
		E6781D281524075D00A0CDF6 /* Stars_Square.png in Resources */ = {isa = PBXBuildFile; fileRef = E6781D271524075D00A0CDF6 /* Stars_Square.png */; };
		E67CC6D515129C5500E9E093 /* PFGLKitCubeTexturedViewController.m in Sources */ = {isa = PBXBuildFile; fileRef = E67CC6D415129C5400E9E093 /* PFGLKitCubeTexturedViewController.m */; };
		E67CC6D81512B5D500E9E093 /* Steve_Icon_Image.png in Resources */ = {isa = PBXBuildFile; fileRef = E67CC6D71512B5D500E9E093 /* Steve_Icon_Image.png */; };
		E67CC6DC1512FB9300E9E093 /* Reset Red Image.tiff in Resources */ = {isa = PBXBuildFile; fileRef = E67CC6DB1512FB9300E9E093 /* Reset Red Image.tiff */; };
		E67CC6DF1512FF3100E9E093 /* PFGLKitSphereViewController.m in Sources */ = {isa = PBXBuildFile; fileRef = E67CC6DE1512FF3100E9E093 /* PFGLKitSphereViewController.m */; };
		E67CC6E11513006500E9E093 /* PFGLKitSphereTexturedViewController.h in Resources */ = {isa = PBXBuildFile; fileRef = E67CC6E01513006500E9E093 /* PFGLKitSphereTexturedViewController.h */; };
		E67CC6E31513009A00E9E093 /* PFGLKitSphereTexturedViewController.m in Sources */ = {isa = PBXBuildFile; fileRef = E67CC6E21513009A00E9E093 /* PFGLKitSphereTexturedViewController.m */; };
		E67CC6E8151312F500E9E093 /* PFGLKitLineSampleViewController.m in Sources */ = {isa = PBXBuildFile; fileRef = E67CC6E7151312F500E9E093 /* PFGLKitLineSampleViewController.m */; };
		E690067714F5A79800F39AD1 /* UIKit.framework in Frameworks */ = {isa = PBXBuildFile; fileRef = E690067614F5A79800F39AD1 /* UIKit.framework */; };
		E690067914F5A79800F39AD1 /* Foundation.framework in Frameworks */ = {isa = PBXBuildFile; fileRef = E690067814F5A79800F39AD1 /* Foundation.framework */; };
		E690067B14F5A79800F39AD1 /* CoreGraphics.framework in Frameworks */ = {isa = PBXBuildFile; fileRef = E690067A14F5A79800F39AD1 /* CoreGraphics.framework */; };
		E690068114F5A79800F39AD1 /* InfoPlist.strings in Resources */ = {isa = PBXBuildFile; fileRef = E690067F14F5A79800F39AD1 /* InfoPlist.strings */; };
		E690068314F5A79800F39AD1 /* main.m in Sources */ = {isa = PBXBuildFile; fileRef = E690068214F5A79800F39AD1 /* main.m */; };
		E690068714F5A79800F39AD1 /* PFAppDelegate.m in Sources */ = {isa = PBXBuildFile; fileRef = E690068614F5A79800F39AD1 /* PFAppDelegate.m */; };
		E690068A14F5A79800F39AD1 /* MainStoryboard_iPhone.storyboard in Resources */ = {isa = PBXBuildFile; fileRef = E690068814F5A79800F39AD1 /* MainStoryboard_iPhone.storyboard */; };
		E690068D14F5A79800F39AD1 /* MainStoryboard_iPad.storyboard in Resources */ = {isa = PBXBuildFile; fileRef = E690068B14F5A79800F39AD1 /* MainStoryboard_iPad.storyboard */; };
		E690069014F5A79800F39AD1 /* PFMasterViewController.m in Sources */ = {isa = PBXBuildFile; fileRef = E690068F14F5A79800F39AD1 /* PFMasterViewController.m */; };
		E690069314F5A79800F39AD1 /* PFDetailViewController.m in Sources */ = {isa = PBXBuildFile; fileRef = E690069214F5A79800F39AD1 /* PFDetailViewController.m */; };
		E690069E14F5AD2C00F39AD1 /* Star_Nursery.png in Resources */ = {isa = PBXBuildFile; fileRef = E690069D14F5AD2C00F39AD1 /* Star_Nursery.png */; };
		E69006A314F5C47900F39AD1 /* CoreMotion.framework in Frameworks */ = {isa = PBXBuildFile; fileRef = E690069F14F5C47900F39AD1 /* CoreMotion.framework */; };
		E69006A414F5C47900F39AD1 /* GLKit.framework in Frameworks */ = {isa = PBXBuildFile; fileRef = E69006A014F5C47900F39AD1 /* GLKit.framework */; };
		E69006A514F5C47900F39AD1 /* OpenGLES.framework in Frameworks */ = {isa = PBXBuildFile; fileRef = E69006A114F5C47900F39AD1 /* OpenGLES.framework */; };
		E69006A614F5C47900F39AD1 /* QuartzCore.framework in Frameworks */ = {isa = PBXBuildFile; fileRef = E69006A214F5C47900F39AD1 /* QuartzCore.framework */; };
		E69A094914F670DB00816ABF /* HubblePanoramic_512.png in Resources */ = {isa = PBXBuildFile; fileRef = E69A094714F670DB00816ABF /* HubblePanoramic_512.png */; };
		E69A094A14F670DB00816ABF /* Moon_Colored_2048.png in Resources */ = {isa = PBXBuildFile; fileRef = E69A094814F670DB00816ABF /* Moon_Colored_2048.png */; };
		E69A099414F8B53900816ABF /* CoreData.framework in Frameworks */ = {isa = PBXBuildFile; fileRef = E69A099314F8B53800816ABF /* CoreData.framework */; };
		E69A099C14F9BC3B00816ABF /* GLKitSampler_CoreData_Model.xcdatamodeld in Sources */ = {isa = PBXBuildFile; fileRef = E69A099A14F9BC3B00816ABF /* GLKitSampler_CoreData_Model.xcdatamodeld */; };
		E6A4C22C14F5EAFE00AF3126 /* PFGLKitSample1ViewController.m in Sources */ = {isa = PBXBuildFile; fileRef = E6A4C22B14F5EAFE00AF3126 /* PFGLKitSample1ViewController.m */; };
		E6A4C27114F5F53000AF3126 /* White_Background.png in Resources */ = {isa = PBXBuildFile; fileRef = E6A4C27014F5F53000AF3126 /* White_Background.png */; };
		E6C77C881500834D00A94053 /* LunarLanderIcon.png in Resources */ = {isa = PBXBuildFile; fileRef = E6C77C871500834D00A94053 /* LunarLanderIcon.png */; };
		E6C77C8A1500835B00A94053 /* LunarLanderIcon@2x.png in Resources */ = {isa = PBXBuildFile; fileRef = E6C77C891500835B00A94053 /* LunarLanderIcon@2x.png */; };
		E6C77C8C1500837300A94053 /* Default.png in Resources */ = {isa = PBXBuildFile; fileRef = E6C77C8B1500837300A94053 /* Default.png */; };
		E6C77C8E1500837F00A94053 /* LunarLanderIcon-72.png in Resources */ = {isa = PBXBuildFile; fileRef = E6C77C8D1500837F00A94053 /* LunarLanderIcon-72.png */; };
		E6C77C901500838C00A94053 /* Default-Portrait~ipad.png in Resources */ = {isa = PBXBuildFile; fileRef = E6C77C8F1500838C00A94053 /* Default-Portrait~ipad.png */; };
		E6C77C921500839800A94053 /* Default-Landscape~ipad.png in Resources */ = {isa = PBXBuildFile; fileRef = E6C77C911500839800A94053 /* Default-Landscape~ipad.png */; };
		E6C77C951500843600A94053 /* PFGLKitSquareSampleViewController.m in Sources */ = {isa = PBXBuildFile; fileRef = E6C77C941500843600A94053 /* PFGLKitSquareSampleViewController.m */; };
		E6C77C981500E02300A94053 /* PFGLKitCubeSampleViewController.m in Sources */ = {isa = PBXBuildFile; fileRef = E6C77C971500E02300A94053 /* PFGLKitCubeSampleViewController.m */; };
		E6F21C5D14FB446800DBFE9C /* PFTableViewCell.m in Sources */ = {isa = PBXBuildFile; fileRef = E6F21C5C14FB446800DBFE9C /* PFTableViewCell.m */; };
/* End PBXBuildFile section */

/* Begin PBXFileReference section */
		E6245F44150EBA8500B3ED4B /* PFGLKViewController.m */ = {isa = PBXFileReference; fileEncoding = 4; lastKnownFileType = sourcecode.c.objc; path = PFGLKViewController.m; sourceTree = "<group>"; };
		E660B50314FC147A008E50EB /* Default@2x.png */ = {isa = PBXFileReference; lastKnownFileType = image.png; path = "Default@2x.png"; sourceTree = "<group>"; };
		E6781D061523E8A100A0CDF6 /* MoonMap_2500x1250.jpg */ = {isa = PBXFileReference; lastKnownFileType = image.jpeg; path = MoonMap_2500x1250.jpg; sourceTree = "<group>"; };
		E6781D091523EE1300A0CDF6 /* StarryBackgroundCubePanoramic.png */ = {isa = PBXFileReference; lastKnownFileType = image.png; path = StarryBackgroundCubePanoramic.png; sourceTree = "<group>"; };
		E6781D0B1523EF3500A0CDF6 /* cube_faces_large.jpg */ = {isa = PBXFileReference; lastKnownFileType = image.jpeg; path = cube_faces_large.jpg; sourceTree = "<group>"; };
		E6781D0D1523F99300A0CDF6 /* StarryBackground.png */ = {isa = PBXFileReference; lastKnownFileType = image.png; path = StarryBackground.png; sourceTree = "<group>"; };
		E6781D1B1523FF3400A0CDF6 /* Stars.png */ = {isa = PBXFileReference; lastKnownFileType = image.png; path = Stars.png; sourceTree = "<group>"; };
		E6781D1D1523FF7700A0CDF6 /* Stars_Small.png */ = {isa = PBXFileReference; lastKnownFileType = image.png; path = Stars_Small.png; sourceTree = "<group>"; };
		E6781D1F1523FFD500A0CDF6 /* Stars_Silly.png */ = {isa = PBXFileReference; lastKnownFileType = image.png; path = Stars_Silly.png; sourceTree = "<group>"; };
		E6781D211524030200A0CDF6 /* Stars_Silly_2.jpg */ = {isa = PBXFileReference; lastKnownFileType = image.jpeg; path = Stars_Silly_2.jpg; sourceTree = "<group>"; };
		E6781D231524059A00A0CDF6 /* Stars3.png */ = {isa = PBXFileReference; lastKnownFileType = image.png; path = Stars3.png; sourceTree = "<group>"; };
		E6781D25152405F000A0CDF6 /* HubblePanoramic_512_2.png */ = {isa = PBXFileReference; lastKnownFileType = image.png; path = HubblePanoramic_512_2.png; sourceTree = "<group>"; };
		E6781D271524075D00A0CDF6 /* Stars_Square.png */ = {isa = PBXFileReference; lastKnownFileType = image.png; path = Stars_Square.png; sourceTree = "<group>"; };
		E67CC6D315129C5400E9E093 /* PFGLKitCubeTexturedViewController.h */ = {isa = PBXFileReference; fileEncoding = 4; lastKnownFileType = sourcecode.c.h; path = PFGLKitCubeTexturedViewController.h; sourceTree = "<group>"; };
		E67CC6D415129C5400E9E093 /* PFGLKitCubeTexturedViewController.m */ = {isa = PBXFileReference; fileEncoding = 4; lastKnownFileType = sourcecode.c.objc; path = PFGLKitCubeTexturedViewController.m; sourceTree = "<group>"; };
		E67CC6D71512B5D500E9E093 /* Steve_Icon_Image.png */ = {isa = PBXFileReference; lastKnownFileType = image.png; path = Steve_Icon_Image.png; sourceTree = "<group>"; };
		E67CC6DB1512FB9300E9E093 /* Reset Red Image.tiff */ = {isa = PBXFileReference; lastKnownFileType = image.tiff; path = "Reset Red Image.tiff"; sourceTree = "<group>"; };
		E67CC6DD1512FF3100E9E093 /* PFGLKitSphereViewController.h */ = {isa = PBXFileReference; fileEncoding = 4; lastKnownFileType = sourcecode.c.h; path = PFGLKitSphereViewController.h; sourceTree = "<group>"; };
		E67CC6DE1512FF3100E9E093 /* PFGLKitSphereViewController.m */ = {isa = PBXFileReference; fileEncoding = 4; lastKnownFileType = sourcecode.c.objc; path = PFGLKitSphereViewController.m; sourceTree = "<group>"; };
		E67CC6E01513006500E9E093 /* PFGLKitSphereTexturedViewController.h */ = {isa = PBXFileReference; fileEncoding = 4; lastKnownFileType = sourcecode.c.h; path = PFGLKitSphereTexturedViewController.h; sourceTree = "<group>"; };
		E67CC6E21513009A00E9E093 /* PFGLKitSphereTexturedViewController.m */ = {isa = PBXFileReference; fileEncoding = 4; lastKnownFileType = sourcecode.c.objc; path = PFGLKitSphereTexturedViewController.m; sourceTree = "<group>"; };
		E67CC6E41513129900E9E093 /* PFGLKitLineSampleViewController.h */ = {isa = PBXFileReference; fileEncoding = 4; lastKnownFileType = sourcecode.c.h; path = PFGLKitLineSampleViewController.h; sourceTree = "<group>"; };
		E67CC6E7151312F500E9E093 /* PFGLKitLineSampleViewController.m */ = {isa = PBXFileReference; fileEncoding = 4; lastKnownFileType = sourcecode.c.objc; path = PFGLKitLineSampleViewController.m; sourceTree = "<group>"; };
		E690067214F5A79800F39AD1 /* GLKitSampler.app */ = {isa = PBXFileReference; explicitFileType = wrapper.application; includeInIndex = 0; path = GLKitSampler.app; sourceTree = BUILT_PRODUCTS_DIR; };
		E690067614F5A79800F39AD1 /* UIKit.framework */ = {isa = PBXFileReference; lastKnownFileType = wrapper.framework; name = UIKit.framework; path = System/Library/Frameworks/UIKit.framework; sourceTree = SDKROOT; };
		E690067814F5A79800F39AD1 /* Foundation.framework */ = {isa = PBXFileReference; lastKnownFileType = wrapper.framework; name = Foundation.framework; path = System/Library/Frameworks/Foundation.framework; sourceTree = SDKROOT; };
		E690067A14F5A79800F39AD1 /* CoreGraphics.framework */ = {isa = PBXFileReference; lastKnownFileType = wrapper.framework; name = CoreGraphics.framework; path = System/Library/Frameworks/CoreGraphics.framework; sourceTree = SDKROOT; };
		E690067E14F5A79800F39AD1 /* GLKitSampler-Info.plist */ = {isa = PBXFileReference; lastKnownFileType = text.plist.xml; path = "GLKitSampler-Info.plist"; sourceTree = "<group>"; };
		E690068014F5A79800F39AD1 /* en */ = {isa = PBXFileReference; lastKnownFileType = text.plist.strings; name = en; path = en.lproj/InfoPlist.strings; sourceTree = "<group>"; };
		E690068214F5A79800F39AD1 /* main.m */ = {isa = PBXFileReference; lastKnownFileType = sourcecode.c.objc; path = main.m; sourceTree = "<group>"; };
		E690068414F5A79800F39AD1 /* GLKitSampler-Prefix.pch */ = {isa = PBXFileReference; lastKnownFileType = sourcecode.c.h; path = "GLKitSampler-Prefix.pch"; sourceTree = "<group>"; };
		E690068514F5A79800F39AD1 /* PFAppDelegate.h */ = {isa = PBXFileReference; lastKnownFileType = sourcecode.c.h; path = PFAppDelegate.h; sourceTree = "<group>"; };
		E690068614F5A79800F39AD1 /* PFAppDelegate.m */ = {isa = PBXFileReference; lastKnownFileType = sourcecode.c.objc; path = PFAppDelegate.m; sourceTree = "<group>"; };
		E690068914F5A79800F39AD1 /* en */ = {isa = PBXFileReference; lastKnownFileType = file.storyboard; name = en; path = en.lproj/MainStoryboard_iPhone.storyboard; sourceTree = "<group>"; };
		E690068C14F5A79800F39AD1 /* en */ = {isa = PBXFileReference; lastKnownFileType = file.storyboard; name = en; path = en.lproj/MainStoryboard_iPad.storyboard; sourceTree = "<group>"; };
		E690068E14F5A79800F39AD1 /* PFMasterViewController.h */ = {isa = PBXFileReference; lastKnownFileType = sourcecode.c.h; path = PFMasterViewController.h; sourceTree = "<group>"; };
		E690068F14F5A79800F39AD1 /* PFMasterViewController.m */ = {isa = PBXFileReference; lastKnownFileType = sourcecode.c.objc; path = PFMasterViewController.m; sourceTree = "<group>"; };
		E690069114F5A79800F39AD1 /* PFDetailViewController.h */ = {isa = PBXFileReference; lastKnownFileType = sourcecode.c.h; path = PFDetailViewController.h; sourceTree = "<group>"; };
		E690069214F5A79800F39AD1 /* PFDetailViewController.m */ = {isa = PBXFileReference; lastKnownFileType = sourcecode.c.objc; path = PFDetailViewController.m; sourceTree = "<group>"; };
		E690069D14F5AD2C00F39AD1 /* Star_Nursery.png */ = {isa = PBXFileReference; lastKnownFileType = image.png; path = Star_Nursery.png; sourceTree = "<group>"; };
		E690069F14F5C47900F39AD1 /* CoreMotion.framework */ = {isa = PBXFileReference; lastKnownFileType = wrapper.framework; name = CoreMotion.framework; path = System/Library/Frameworks/CoreMotion.framework; sourceTree = SDKROOT; };
		E69006A014F5C47900F39AD1 /* GLKit.framework */ = {isa = PBXFileReference; lastKnownFileType = wrapper.framework; name = GLKit.framework; path = System/Library/Frameworks/GLKit.framework; sourceTree = SDKROOT; };
		E69006A114F5C47900F39AD1 /* OpenGLES.framework */ = {isa = PBXFileReference; lastKnownFileType = wrapper.framework; name = OpenGLES.framework; path = System/Library/Frameworks/OpenGLES.framework; sourceTree = SDKROOT; };
		E69006A214F5C47900F39AD1 /* QuartzCore.framework */ = {isa = PBXFileReference; lastKnownFileType = wrapper.framework; name = QuartzCore.framework; path = System/Library/Frameworks/QuartzCore.framework; sourceTree = SDKROOT; };
		E69A094714F670DB00816ABF /* HubblePanoramic_512.png */ = {isa = PBXFileReference; lastKnownFileType = image.png; path = HubblePanoramic_512.png; sourceTree = "<group>"; };
		E69A094814F670DB00816ABF /* Moon_Colored_2048.png */ = {isa = PBXFileReference; lastKnownFileType = image.png; path = Moon_Colored_2048.png; sourceTree = "<group>"; };
		E69A099314F8B53800816ABF /* CoreData.framework */ = {isa = PBXFileReference; lastKnownFileType = wrapper.framework; name = CoreData.framework; path = System/Library/Frameworks/CoreData.framework; sourceTree = SDKROOT; };
		E69A099B14F9BC3B00816ABF /* GLKitSampler_CoreData_Model.xcdatamodel */ = {isa = PBXFileReference; lastKnownFileType = wrapper.xcdatamodel; path = GLKitSampler_CoreData_Model.xcdatamodel; sourceTree = "<group>"; };
		E6A4C22A14F5EAFE00AF3126 /* PFGLKitSample1ViewController.h */ = {isa = PBXFileReference; fileEncoding = 4; lastKnownFileType = sourcecode.c.h; path = PFGLKitSample1ViewController.h; sourceTree = "<group>"; };
		E6A4C22B14F5EAFE00AF3126 /* PFGLKitSample1ViewController.m */ = {isa = PBXFileReference; fileEncoding = 4; lastKnownFileType = sourcecode.c.objc; path = PFGLKitSample1ViewController.m; sourceTree = "<group>"; };
		E6A4C27014F5F53000AF3126 /* White_Background.png */ = {isa = PBXFileReference; lastKnownFileType = image.png; path = White_Background.png; sourceTree = "<group>"; };
		E6C77C871500834D00A94053 /* LunarLanderIcon.png */ = {isa = PBXFileReference; lastKnownFileType = image.png; path = LunarLanderIcon.png; sourceTree = "<group>"; };
		E6C77C891500835B00A94053 /* LunarLanderIcon@2x.png */ = {isa = PBXFileReference; lastKnownFileType = image.png; path = "LunarLanderIcon@2x.png"; sourceTree = "<group>"; };
		E6C77C8B1500837300A94053 /* Default.png */ = {isa = PBXFileReference; lastKnownFileType = image.png; path = Default.png; sourceTree = "<group>"; };
		E6C77C8D1500837F00A94053 /* LunarLanderIcon-72.png */ = {isa = PBXFileReference; lastKnownFileType = image.png; path = "LunarLanderIcon-72.png"; sourceTree = "<group>"; };
		E6C77C8F1500838C00A94053 /* Default-Portrait~ipad.png */ = {isa = PBXFileReference; lastKnownFileType = image.png; path = "Default-Portrait~ipad.png"; sourceTree = "<group>"; };
		E6C77C911500839800A94053 /* Default-Landscape~ipad.png */ = {isa = PBXFileReference; lastKnownFileType = image.png; path = "Default-Landscape~ipad.png"; sourceTree = "<group>"; };
		E6C77C931500843600A94053 /* PFGLKitSquareSampleViewController.h */ = {isa = PBXFileReference; fileEncoding = 4; lastKnownFileType = sourcecode.c.h; path = PFGLKitSquareSampleViewController.h; sourceTree = "<group>"; };
		E6C77C941500843600A94053 /* PFGLKitSquareSampleViewController.m */ = {isa = PBXFileReference; fileEncoding = 4; lastKnownFileType = sourcecode.c.objc; path = PFGLKitSquareSampleViewController.m; sourceTree = "<group>"; };
		E6C77C961500E02300A94053 /* PFGLKitCubeSampleViewController.h */ = {isa = PBXFileReference; fileEncoding = 4; lastKnownFileType = sourcecode.c.h; path = PFGLKitCubeSampleViewController.h; sourceTree = "<group>"; };
		E6C77C971500E02300A94053 /* PFGLKitCubeSampleViewController.m */ = {isa = PBXFileReference; fileEncoding = 4; lastKnownFileType = sourcecode.c.objc; path = PFGLKitCubeSampleViewController.m; sourceTree = "<group>"; };
		E6C77CDD150EB38200A94053 /* PFGLKViewController.h */ = {isa = PBXFileReference; fileEncoding = 4; lastKnownFileType = sourcecode.c.h; path = PFGLKViewController.h; sourceTree = "<group>"; };
		E6F21C5B14FB446800DBFE9C /* PFTableViewCell.h */ = {isa = PBXFileReference; fileEncoding = 4; lastKnownFileType = sourcecode.c.h; path = PFTableViewCell.h; sourceTree = "<group>"; };
		E6F21C5C14FB446800DBFE9C /* PFTableViewCell.m */ = {isa = PBXFileReference; fileEncoding = 4; lastKnownFileType = sourcecode.c.objc; path = PFTableViewCell.m; sourceTree = "<group>"; };
/* End PBXFileReference section */

/* Begin PBXFrameworksBuildPhase section */
		E690066F14F5A79800F39AD1 /* Frameworks */ = {
			isa = PBXFrameworksBuildPhase;
			buildActionMask = 2147483647;
			files = (
				E69A099414F8B53900816ABF /* CoreData.framework in Frameworks */,
				E69006A314F5C47900F39AD1 /* CoreMotion.framework in Frameworks */,
				E69006A414F5C47900F39AD1 /* GLKit.framework in Frameworks */,
				E69006A514F5C47900F39AD1 /* OpenGLES.framework in Frameworks */,
				E69006A614F5C47900F39AD1 /* QuartzCore.framework in Frameworks */,
				E690067714F5A79800F39AD1 /* UIKit.framework in Frameworks */,
				E690067914F5A79800F39AD1 /* Foundation.framework in Frameworks */,
				E690067B14F5A79800F39AD1 /* CoreGraphics.framework in Frameworks */,
			);
			runOnlyForDeploymentPostprocessing = 0;
		};
/* End PBXFrameworksBuildPhase section */

/* Begin PBXGroup section */
		E61E43C315007E00008966EA /* Artwork */ = {
			isa = PBXGroup;
			children = (
				E6781D271524075D00A0CDF6 /* Stars_Square.png */,
				E6781D25152405F000A0CDF6 /* HubblePanoramic_512_2.png */,
				E6781D231524059A00A0CDF6 /* Stars3.png */,
				E6781D211524030200A0CDF6 /* Stars_Silly_2.jpg */,
				E6781D1F1523FFD500A0CDF6 /* Stars_Silly.png */,
				E6781D1D1523FF7700A0CDF6 /* Stars_Small.png */,
				E6781D1B1523FF3400A0CDF6 /* Stars.png */,
				E6781D0D1523F99300A0CDF6 /* StarryBackground.png */,
				E6781D0B1523EF3500A0CDF6 /* cube_faces_large.jpg */,
				E6781D091523EE1300A0CDF6 /* StarryBackgroundCubePanoramic.png */,
				E6781D061523E8A100A0CDF6 /* MoonMap_2500x1250.jpg */,
				E67CC6D71512B5D500E9E093 /* Steve_Icon_Image.png */,
				E67CC6DB1512FB9300E9E093 /* Reset Red Image.tiff */,
				E69A094714F670DB00816ABF /* HubblePanoramic_512.png */,
				E660B50314FC147A008E50EB /* Default@2x.png */,
				E69A094814F670DB00816ABF /* Moon_Colored_2048.png */,
				E6A4C27014F5F53000AF3126 /* White_Background.png */,
				E690069D14F5AD2C00F39AD1 /* Star_Nursery.png */,
			);
			name = Artwork;
			sourceTree = "<group>";
		};
		E67CC6E91513158900E9E093 /* GLKit View Controllers */ = {
			isa = PBXGroup;
			children = (
				E67CC6E41513129900E9E093 /* PFGLKitLineSampleViewController.h */,
				E67CC6E7151312F500E9E093 /* PFGLKitLineSampleViewController.m */,
				E6C77C931500843600A94053 /* PFGLKitSquareSampleViewController.h */,
				E6C77C941500843600A94053 /* PFGLKitSquareSampleViewController.m */,
				E6C77C961500E02300A94053 /* PFGLKitCubeSampleViewController.h */,
				E6C77C971500E02300A94053 /* PFGLKitCubeSampleViewController.m */,
				E67CC6D315129C5400E9E093 /* PFGLKitCubeTexturedViewController.h */,
				E67CC6D415129C5400E9E093 /* PFGLKitCubeTexturedViewController.m */,
				E67CC6DD1512FF3100E9E093 /* PFGLKitSphereViewController.h */,
				E67CC6DE1512FF3100E9E093 /* PFGLKitSphereViewController.m */,
				E67CC6E01513006500E9E093 /* PFGLKitSphereTexturedViewController.h */,
				E67CC6E21513009A00E9E093 /* PFGLKitSphereTexturedViewController.m */,
				E67CC6EA151315AC00E9E093 /* Generic GLKit View Controllers */,
			);
			name = "GLKit View Controllers";
			sourceTree = "<group>";
		};
		E67CC6EA151315AC00E9E093 /* Generic GLKit View Controllers */ = {
			isa = PBXGroup;
			children = (
				E6C77CDD150EB38200A94053 /* PFGLKViewController.h */,
				E6245F44150EBA8500B3ED4B /* PFGLKViewController.m */,
				E6A4C22A14F5EAFE00AF3126 /* PFGLKitSample1ViewController.h */,
				E6A4C22B14F5EAFE00AF3126 /* PFGLKitSample1ViewController.m */,
			);
			name = "Generic GLKit View Controllers";
			sourceTree = "<group>";
		};
		E690066714F5A79800F39AD1 = {
			isa = PBXGroup;
			children = (
				E6C77C911500839800A94053 /* Default-Landscape~ipad.png */,
				E6C77C8F1500838C00A94053 /* Default-Portrait~ipad.png */,
				E6C77C8D1500837F00A94053 /* LunarLanderIcon-72.png */,
				E6C77C8B1500837300A94053 /* Default.png */,
				E6C77C891500835B00A94053 /* LunarLanderIcon@2x.png */,
				E6C77C871500834D00A94053 /* LunarLanderIcon.png */,
				E690067C14F5A79800F39AD1 /* GLKitSampler */,
				E690067514F5A79800F39AD1 /* Frameworks */,
				E690067314F5A79800F39AD1 /* Products */,
			);
			sourceTree = "<group>";
		};
		E690067314F5A79800F39AD1 /* Products */ = {
			isa = PBXGroup;
			children = (
				E690067214F5A79800F39AD1 /* GLKitSampler.app */,
			);
			name = Products;
			sourceTree = "<group>";
		};
		E690067514F5A79800F39AD1 /* Frameworks */ = {
			isa = PBXGroup;
			children = (
				E690067614F5A79800F39AD1 /* UIKit.framework */,
				E690067814F5A79800F39AD1 /* Foundation.framework */,
				E690067A14F5A79800F39AD1 /* CoreGraphics.framework */,
				E690069F14F5C47900F39AD1 /* CoreMotion.framework */,
				E69006A014F5C47900F39AD1 /* GLKit.framework */,
				E69006A114F5C47900F39AD1 /* OpenGLES.framework */,
				E69006A214F5C47900F39AD1 /* QuartzCore.framework */,
				E69A099314F8B53800816ABF /* CoreData.framework */,
			);
			name = Frameworks;
			sourceTree = "<group>";
		};
		E690067C14F5A79800F39AD1 /* GLKitSampler */ = {
			isa = PBXGroup;
			children = (
				E61E43C315007E00008966EA /* Artwork */,
				E69A099A14F9BC3B00816ABF /* GLKitSampler_CoreData_Model.xcdatamodeld */,
				E690068814F5A79800F39AD1 /* MainStoryboard_iPhone.storyboard */,
				E690068B14F5A79800F39AD1 /* MainStoryboard_iPad.storyboard */,
				E690068514F5A79800F39AD1 /* PFAppDelegate.h */,
				E690068614F5A79800F39AD1 /* PFAppDelegate.m */,
				E690068E14F5A79800F39AD1 /* PFMasterViewController.h */,
				E690068F14F5A79800F39AD1 /* PFMasterViewController.m */,
				E6F21C5B14FB446800DBFE9C /* PFTableViewCell.h */,
				E6F21C5C14FB446800DBFE9C /* PFTableViewCell.m */,
				E690069114F5A79800F39AD1 /* PFDetailViewController.h */,
				E690069214F5A79800F39AD1 /* PFDetailViewController.m */,
				E67CC6E91513158900E9E093 /* GLKit View Controllers */,
				E690067D14F5A79800F39AD1 /* Supporting Files */,
			);
			path = GLKitSampler;
			sourceTree = "<group>";
		};
		E690067D14F5A79800F39AD1 /* Supporting Files */ = {
			isa = PBXGroup;
			children = (
				E690067E14F5A79800F39AD1 /* GLKitSampler-Info.plist */,
				E690067F14F5A79800F39AD1 /* InfoPlist.strings */,
				E690068214F5A79800F39AD1 /* main.m */,
				E690068414F5A79800F39AD1 /* GLKitSampler-Prefix.pch */,
			);
			name = "Supporting Files";
			sourceTree = "<group>";
		};
/* End PBXGroup section */

/* Begin PBXNativeTarget section */
		E690067114F5A79800F39AD1 /* GLKitSampler */ = {
			isa = PBXNativeTarget;
			buildConfigurationList = E690069614F5A79800F39AD1 /* Build configuration list for PBXNativeTarget "GLKitSampler" */;
			buildPhases = (
				E690066E14F5A79800F39AD1 /* Sources */,
				E690066F14F5A79800F39AD1 /* Frameworks */,
				E690067014F5A79800F39AD1 /* Resources */,
			);
			buildRules = (
			);
			dependencies = (
			);
			name = GLKitSampler;
			productName = GLKitSampler;
			productReference = E690067214F5A79800F39AD1 /* GLKitSampler.app */;
			productType = "com.apple.product-type.application";
		};
/* End PBXNativeTarget section */

/* Begin PBXProject section */
		E690066914F5A79800F39AD1 /* Project object */ = {
			isa = PBXProject;
			attributes = {
				CLASSPREFIX = PF;
				LastUpgradeCheck = 0430;
				ORGANIZATIONNAME = CocoaCoder.org;
			};
			buildConfigurationList = E690066C14F5A79800F39AD1 /* Build configuration list for PBXProject "GLKitSampler" */;
			compatibilityVersion = "Xcode 3.2";
			developmentRegion = English;
			hasScannedForEncodings = 0;
			knownRegions = (
				en,
			);
			mainGroup = E690066714F5A79800F39AD1;
			productRefGroup = E690067314F5A79800F39AD1 /* Products */;
			projectDirPath = "";
			projectRoot = "";
			targets = (
				E690067114F5A79800F39AD1 /* GLKitSampler */,
			);
		};
/* End PBXProject section */

/* Begin PBXResourcesBuildPhase section */
		E690067014F5A79800F39AD1 /* Resources */ = {
			isa = PBXResourcesBuildPhase;
			buildActionMask = 2147483647;
			files = (
				E690068114F5A79800F39AD1 /* InfoPlist.strings in Resources */,
				E690068A14F5A79800F39AD1 /* MainStoryboard_iPhone.storyboard in Resources */,
				E690068D14F5A79800F39AD1 /* MainStoryboard_iPad.storyboard in Resources */,
				E690069E14F5AD2C00F39AD1 /* Star_Nursery.png in Resources */,
				E6A4C27114F5F53000AF3126 /* White_Background.png in Resources */,
				E69A094914F670DB00816ABF /* HubblePanoramic_512.png in Resources */,
				E69A094A14F670DB00816ABF /* Moon_Colored_2048.png in Resources */,
				E660B50A14FC147A008E50EB /* Default@2x.png in Resources */,
				E6C77C881500834D00A94053 /* LunarLanderIcon.png in Resources */,
				E6C77C8A1500835B00A94053 /* LunarLanderIcon@2x.png in Resources */,
				E6C77C8C1500837300A94053 /* Default.png in Resources */,
				E6C77C8E1500837F00A94053 /* LunarLanderIcon-72.png in Resources */,
				E6C77C901500838C00A94053 /* Default-Portrait~ipad.png in Resources */,
				E6C77C921500839800A94053 /* Default-Landscape~ipad.png in Resources */,
				E67CC6D81512B5D500E9E093 /* Steve_Icon_Image.png in Resources */,
				E67CC6DC1512FB9300E9E093 /* Reset Red Image.tiff in Resources */,
				E67CC6E11513006500E9E093 /* PFGLKitSphereTexturedViewController.h in Resources */,
				E6781D071523E8A100A0CDF6 /* MoonMap_2500x1250.jpg in Resources */,
				E6781D0A1523EE1300A0CDF6 /* StarryBackgroundCubePanoramic.png in Resources */,
				E6781D0C1523EF3500A0CDF6 /* cube_faces_large.jpg in Resources */,
				E6781D0E1523F99300A0CDF6 /* StarryBackground.png in Resources */,
				E6781D1C1523FF3400A0CDF6 /* Stars.png in Resources */,
				E6781D1E1523FF7700A0CDF6 /* Stars_Small.png in Resources */,
				E6781D201523FFD500A0CDF6 /* Stars_Silly.png in Resources */,
				E6781D221524030200A0CDF6 /* Stars_Silly_2.jpg in Resources */,
				E6781D241524059B00A0CDF6 /* Stars3.png in Resources */,
				E6781D26152405F000A0CDF6 /* HubblePanoramic_512_2.png in Resources */,
				E6781D281524075D00A0CDF6 /* Stars_Square.png in Resources */,
			);
			runOnlyForDeploymentPostprocessing = 0;
		};
/* End PBXResourcesBuildPhase section */

/* Begin PBXSourcesBuildPhase section */
		E690066E14F5A79800F39AD1 /* Sources */ = {
			isa = PBXSourcesBuildPhase;
			buildActionMask = 2147483647;
			files = (
				E690068314F5A79800F39AD1 /* main.m in Sources */,
				E690068714F5A79800F39AD1 /* PFAppDelegate.m in Sources */,
				E690069014F5A79800F39AD1 /* PFMasterViewController.m in Sources */,
				E690069314F5A79800F39AD1 /* PFDetailViewController.m in Sources */,
				E6A4C22C14F5EAFE00AF3126 /* PFGLKitSample1ViewController.m in Sources */,
				E69A099C14F9BC3B00816ABF /* GLKitSampler_CoreData_Model.xcdatamodeld in Sources */,
				E6F21C5D14FB446800DBFE9C /* PFTableViewCell.m in Sources */,
				E6C77C951500843600A94053 /* PFGLKitSquareSampleViewController.m in Sources */,
				E6C77C981500E02300A94053 /* PFGLKitCubeSampleViewController.m in Sources */,
				E6245F45150EBA8500B3ED4B /* PFGLKViewController.m in Sources */,
				E67CC6D515129C5500E9E093 /* PFGLKitCubeTexturedViewController.m in Sources */,
				E67CC6DF1512FF3100E9E093 /* PFGLKitSphereViewController.m in Sources */,
				E67CC6E31513009A00E9E093 /* PFGLKitSphereTexturedViewController.m in Sources */,
				E67CC6E8151312F500E9E093 /* PFGLKitLineSampleViewController.m in Sources */,
			);
			runOnlyForDeploymentPostprocessing = 0;
		};
/* End PBXSourcesBuildPhase section */

/* Begin PBXVariantGroup section */
		E690067F14F5A79800F39AD1 /* InfoPlist.strings */ = {
			isa = PBXVariantGroup;
			children = (
				E690068014F5A79800F39AD1 /* en */,
			);
			name = InfoPlist.strings;
			sourceTree = "<group>";
		};
		E690068814F5A79800F39AD1 /* MainStoryboard_iPhone.storyboard */ = {
			isa = PBXVariantGroup;
			children = (
				E690068914F5A79800F39AD1 /* en */,
			);
			name = MainStoryboard_iPhone.storyboard;
			sourceTree = "<group>";
		};
		E690068B14F5A79800F39AD1 /* MainStoryboard_iPad.storyboard */ = {
			isa = PBXVariantGroup;
			children = (
				E690068C14F5A79800F39AD1 /* en */,
			);
			name = MainStoryboard_iPad.storyboard;
			sourceTree = "<group>";
		};
/* End PBXVariantGroup section */

/* Begin XCBuildConfiguration section */
		E690069414F5A79800F39AD1 /* Debug */ = {
			isa = XCBuildConfiguration;
			buildSettings = {
				ALWAYS_SEARCH_USER_PATHS = NO;
				ARCHS = "$(ARCHS_STANDARD_32_BIT)";
				CLANG_ENABLE_OBJC_ARC = YES;
				"CODE_SIGN_IDENTITY[sdk=iphoneos*]" = "iPhone Developer";
				COPY_PHASE_STRIP = NO;
				GCC_C_LANGUAGE_STANDARD = gnu99;
				GCC_DYNAMIC_NO_PIC = NO;
				GCC_OPTIMIZATION_LEVEL = 0;
				GCC_PREPROCESSOR_DEFINITIONS = (
					"DEBUG=1",
					"$(inherited)",
				);
				GCC_SYMBOLS_PRIVATE_EXTERN = NO;
				GCC_VERSION = com.apple.compilers.llvm.clang.1_0;
				GCC_WARN_ABOUT_RETURN_TYPE = YES;
				GCC_WARN_UNINITIALIZED_AUTOS = YES;
				GCC_WARN_UNUSED_VARIABLE = YES;
				IPHONEOS_DEPLOYMENT_TARGET = 5.0;
				SDKROOT = iphoneos;
				TARGETED_DEVICE_FAMILY = "1,2";
			};
			name = Debug;
		};
		E690069514F5A79800F39AD1 /* Release */ = {
			isa = XCBuildConfiguration;
			buildSettings = {
				ALWAYS_SEARCH_USER_PATHS = NO;
				ARCHS = "$(ARCHS_STANDARD_32_BIT)";
				CLANG_ENABLE_OBJC_ARC = YES;
				"CODE_SIGN_IDENTITY[sdk=iphoneos*]" = "iPhone Developer";
				COPY_PHASE_STRIP = YES;
				GCC_C_LANGUAGE_STANDARD = gnu99;
				GCC_VERSION = com.apple.compilers.llvm.clang.1_0;
				GCC_WARN_ABOUT_RETURN_TYPE = YES;
				GCC_WARN_UNINITIALIZED_AUTOS = YES;
				GCC_WARN_UNUSED_VARIABLE = YES;
				IPHONEOS_DEPLOYMENT_TARGET = 5.0;
				OTHER_CFLAGS = "-DNS_BLOCK_ASSERTIONS=1";
				SDKROOT = iphoneos;
				TARGETED_DEVICE_FAMILY = "1,2";
				VALIDATE_PRODUCT = YES;
			};
			name = Release;
		};
		E690069714F5A79800F39AD1 /* Debug */ = {
			isa = XCBuildConfiguration;
			buildSettings = {
				GCC_PRECOMPILE_PREFIX_HEADER = YES;
				GCC_PREFIX_HEADER = "GLKitSampler/GLKitSampler-Prefix.pch";
				INFOPLIST_FILE = "GLKitSampler/GLKitSampler-Info.plist";
				PRODUCT_NAME = "$(TARGET_NAME)";
				WRAPPER_EXTENSION = app;
			};
			name = Debug;
		};
		E690069814F5A79800F39AD1 /* Release */ = {
			isa = XCBuildConfiguration;
			buildSettings = {
				GCC_PRECOMPILE_PREFIX_HEADER = YES;
				GCC_PREFIX_HEADER = "GLKitSampler/GLKitSampler-Prefix.pch";
				INFOPLIST_FILE = "GLKitSampler/GLKitSampler-Info.plist";
				PRODUCT_NAME = "$(TARGET_NAME)";
				WRAPPER_EXTENSION = app;
			};
			name = Release;
		};
/* End XCBuildConfiguration section */

/* Begin XCConfigurationList section */
		E690066C14F5A79800F39AD1 /* Build configuration list for PBXProject "GLKitSampler" */ = {
			isa = XCConfigurationList;
			buildConfigurations = (
				E690069414F5A79800F39AD1 /* Debug */,
				E690069514F5A79800F39AD1 /* Release */,
			);
			defaultConfigurationIsVisible = 0;
			defaultConfigurationName = Release;
		};
		E690069614F5A79800F39AD1 /* Build configuration list for PBXNativeTarget "GLKitSampler" */ = {
			isa = XCConfigurationList;
			buildConfigurations = (
				E690069714F5A79800F39AD1 /* Debug */,
				E690069814F5A79800F39AD1 /* Release */,
			);
			defaultConfigurationIsVisible = 0;
			defaultConfigurationName = Release;
		};
/* End XCConfigurationList section */

/* Begin XCVersionGroup section */
		E69A099A14F9BC3B00816ABF /* GLKitSampler_CoreData_Model.xcdatamodeld */ = {
			isa = XCVersionGroup;
			children = (
				E69A099B14F9BC3B00816ABF /* GLKitSampler_CoreData_Model.xcdatamodel */,
			);
			currentVersion = E69A099B14F9BC3B00816ABF /* GLKitSampler_CoreData_Model.xcdatamodel */;
			path = GLKitSampler_CoreData_Model.xcdatamodeld;
			sourceTree = "<group>";
			versionGroupType = wrapper.xcdatamodel;
		};
/* End XCVersionGroup section */
	};
	rootObject = E690066914F5A79800F39AD1 /* Project object */;
}
