// !$*UTF8*$!
{
	archiveVersion = 1;
	classes = {
	};
	objectVersion = 46;
	objects = {

/* Begin PBXBuildFile section */
		E690067714F5A79800F39AD1 /* UIKit.framework in Frameworks */ = {isa = PBXBuildFile; fileRef = E690067614F5A79800F39AD1 /* UIKit.framework */; };
		E690067914F5A79800F39AD1 /* Foundation.framework in Frameworks */ = {isa = PBXBuildFile; fileRef = E690067814F5A79800F39AD1 /* Foundation.framework */; };
		E690067B14F5A79800F39AD1 /* CoreGraphics.framework in Frameworks */ = {isa = PBXBuildFile; fileRef = E690067A14F5A79800F39AD1 /* CoreGraphics.framework */; };
		E690068114F5A79800F39AD1 /* InfoPlist.strings in Resources */ = {isa = PBXBuildFile; fileRef = E690067F14F5A79800F39AD1 /* InfoPlist.strings */; };
		E690068314F5A79800F39AD1 /* main.m in Sources */ = {isa = PBXBuildFile; fileRef = E690068214F5A79800F39AD1 /* main.m */; };
		E690068714F5A79800F39AD1 /* PFAppDelegate.m in Sources */ = {isa = PBXBuildFile; fileRef = E690068614F5A79800F39AD1 /* PFAppDelegate.m */; };
		E690068A14F5A79800F39AD1 /* MainStoryboard_iPhone.storyboard in Resources */ = {isa = PBXBuildFile; fileRef = E690068814F5A79800F39AD1 /* MainStoryboard_iPhone.storyboard */; };
		E690068D14F5A79800F39AD1 /* MainStoryboard_iPad.storyboard in Resources */ = {isa = PBXBuildFile; fileRef = E690068B14F5A79800F39AD1 /* MainStoryboard_iPad.storyboard */; };
		E690069014F5A79800F39AD1 /* PFMasterViewController.m in Sources */ = {isa = PBXBuildFile; fileRef = E690068F14F5A79800F39AD1 /* PFMasterViewController.m */; };
		E690069314F5A79800F39AD1 /* PFDetailViewController.m in Sources */ = {isa = PBXBuildFile; fileRef = E690069214F5A79800F39AD1 /* PFDetailViewController.m */; };
/* End PBXBuildFile section */

/* Begin PBXFileReference section */
		E690067214F5A79800F39AD1 /* GLKitSampler.app */ = {isa = PBXFileReference; explicitFileType = wrapper.application; includeInIndex = 0; path = GLKitSampler.app; sourceTree = BUILT_PRODUCTS_DIR; };
		E690067614F5A79800F39AD1 /* UIKit.framework */ = {isa = PBXFileReference; lastKnownFileType = wrapper.framework; name = UIKit.framework; path = System/Library/Frameworks/UIKit.framework; sourceTree = SDKROOT; };
		E690067814F5A79800F39AD1 /* Foundation.framework */ = {isa = PBXFileReference; lastKnownFileType = wrapper.framework; name = Foundation.framework; path = System/Library/Frameworks/Foundation.framework; sourceTree = SDKROOT; };
		E690067A14F5A79800F39AD1 /* CoreGraphics.framework */ = {isa = PBXFileReference; lastKnownFileType = wrapper.framework; name = CoreGraphics.framework; path = System/Library/Frameworks/CoreGraphics.framework; sourceTree = SDKROOT; };
		E690067E14F5A79800F39AD1 /* GLKitSampler-Info.plist */ = {isa = PBXFileReference; path = "GLKitSampler-Info.plist"; sourceTree = "<group>"; };
		E690068014F5A79800F39AD1 /* en */ = {isa = PBXFileReference; lastKnownFileType = text.plist.strings; name = en; path = en.lproj/InfoPlist.strings; sourceTree = "<group>"; };
		E690068214F5A79800F39AD1 /* main.m */ = {isa = PBXFileReference; lastKnownFileType = sourcecode.c.objc; path = main.m; sourceTree = "<group>"; };
		E690068414F5A79800F39AD1 /* GLKitSampler-Prefix.pch */ = {isa = PBXFileReference; path = "GLKitSampler-Prefix.pch"; sourceTree = "<group>"; };
		E690068514F5A79800F39AD1 /* PFAppDelegate.h */ = {isa = PBXFileReference; path = PFAppDelegate.h; sourceTree = "<group>"; };
		E690068614F5A79800F39AD1 /* PFAppDelegate.m */ = {isa = PBXFileReference; lastKnownFileType = sourcecode.c.objc; path = PFAppDelegate.m; sourceTree = "<group>"; };
		E690068914F5A79800F39AD1 /* en */ = {isa = PBXFileReference; lastKnownFileType = file.storyboard; name = en; path = en.lproj/MainStoryboard_iPhone.storyboard; sourceTree = "<group>"; };
		E690068C14F5A79800F39AD1 /* en */ = {isa = PBXFileReference; lastKnownFileType = file.storyboard; name = en; path = en.lproj/MainStoryboard_iPad.storyboard; sourceTree = "<group>"; };
		E690068E14F5A79800F39AD1 /* PFMasterViewController.h */ = {isa = PBXFileReference; path = PFMasterViewController.h; sourceTree = "<group>"; };
		E690068F14F5A79800F39AD1 /* PFMasterViewController.m */ = {isa = PBXFileReference; lastKnownFileType = sourcecode.c.objc; path = PFMasterViewController.m; sourceTree = "<group>"; };
		E690069114F5A79800F39AD1 /* PFDetailViewController.h */ = {isa = PBXFileReference; path = PFDetailViewController.h; sourceTree = "<group>"; };
		E690069214F5A79800F39AD1 /* PFDetailViewController.m */ = {isa = PBXFileReference; lastKnownFileType = sourcecode.c.objc; path = PFDetailViewController.m; sourceTree = "<group>"; };
/* End PBXFileReference section */

/* Begin PBXFrameworksBuildPhase section */
		E690066F14F5A79800F39AD1 /* Frameworks */ = {
			isa = PBXFrameworksBuildPhase;
			buildActionMask = 2147483647;
			files = (
				E690067714F5A79800F39AD1 /* UIKit.framework in Frameworks */,
				E690067914F5A79800F39AD1 /* Foundation.framework in Frameworks */,
				E690067B14F5A79800F39AD1 /* CoreGraphics.framework in Frameworks */,
			);
			runOnlyForDeploymentPostprocessing = 0;
		};
/* End PBXFrameworksBuildPhase section */

/* Begin PBXGroup section */
		E690066714F5A79800F39AD1 = {
			isa = PBXGroup;
			children = (
				E690067C14F5A79800F39AD1 /* GLKitSampler */,
				E690067514F5A79800F39AD1 /* Frameworks */,
				E690067314F5A79800F39AD1 /* Products */,
			);
			sourceTree = "<group>";
		};
		E690067314F5A79800F39AD1 /* Products */ = {
			isa = PBXGroup;
			children = (
				E690067214F5A79800F39AD1 /* GLKitSampler.app */,
			);
			name = Products;
			sourceTree = "<group>";
		};
		E690067514F5A79800F39AD1 /* Frameworks */ = {
			isa = PBXGroup;
			children = (
				E690067614F5A79800F39AD1 /* UIKit.framework */,
				E690067814F5A79800F39AD1 /* Foundation.framework */,
				E690067A14F5A79800F39AD1 /* CoreGraphics.framework */,
			);
			name = Frameworks;
			sourceTree = "<group>";
		};
		E690067C14F5A79800F39AD1 /* GLKitSampler */ = {
			isa = PBXGroup;
			children = (
				E690068514F5A79800F39AD1 /* PFAppDelegate.h */,
				E690068614F5A79800F39AD1 /* PFAppDelegate.m */,
				E690068814F5A79800F39AD1 /* MainStoryboard_iPhone.storyboard */,
				E690068B14F5A79800F39AD1 /* MainStoryboard_iPad.storyboard */,
				E690068E14F5A79800F39AD1 /* PFMasterViewController.h */,
				E690068F14F5A79800F39AD1 /* PFMasterViewController.m */,
				E690069114F5A79800F39AD1 /* PFDetailViewController.h */,
				E690069214F5A79800F39AD1 /* PFDetailViewController.m */,
				E690067D14F5A79800F39AD1 /* Supporting Files */,
			);
			path = GLKitSampler;
			sourceTree = "<group>";
		};
		E690067D14F5A79800F39AD1 /* Supporting Files */ = {
			isa = PBXGroup;
			children = (
				E690067E14F5A79800F39AD1 /* GLKitSampler-Info.plist */,
				E690067F14F5A79800F39AD1 /* InfoPlist.strings */,
				E690068214F5A79800F39AD1 /* main.m */,
				E690068414F5A79800F39AD1 /* GLKitSampler-Prefix.pch */,
			);
			name = "Supporting Files";
			sourceTree = "<group>";
		};
/* End PBXGroup section */

/* Begin PBXNativeTarget section */
		E690067114F5A79800F39AD1 /* GLKitSampler */ = {
			isa = PBXNativeTarget;
			buildConfigurationList = E690069614F5A79800F39AD1 /* Build configuration list for PBXNativeTarget "GLKitSampler" */;
			buildPhases = (
				E690066E14F5A79800F39AD1 /* Sources */,
				E690066F14F5A79800F39AD1 /* Frameworks */,
				E690067014F5A79800F39AD1 /* Resources */,
			);
			buildRules = (
			);
			dependencies = (
			);
			name = GLKitSampler;
			productName = GLKitSampler;
			productReference = E690067214F5A79800F39AD1 /* GLKitSampler.app */;
			productType = "com.apple.product-type.application";
		};
/* End PBXNativeTarget section */

/* Begin PBXProject section */
		E690066914F5A79800F39AD1 /* Project object */ = {
			isa = PBXProject;
			attributes = {
				CLASSPREFIX = PF;
				LastUpgradeCheck = 0430;
				ORGANIZATIONNAME = CocoaCoder.org;
			};
			buildConfigurationList = E690066C14F5A79800F39AD1 /* Build configuration list for PBXProject "GLKitSampler" */;
			compatibilityVersion = "Xcode 3.2";
			developmentRegion = English;
			hasScannedForEncodings = 0;
			knownRegions = (
				en,
			);
			mainGroup = E690066714F5A79800F39AD1;
			productRefGroup = E690067314F5A79800F39AD1 /* Products */;
			projectDirPath = "";
			projectRoot = "";
			targets = (
				E690067114F5A79800F39AD1 /* GLKitSampler */,
			);
		};
/* End PBXProject section */

/* Begin PBXResourcesBuildPhase section */
		E690067014F5A79800F39AD1 /* Resources */ = {
			isa = PBXResourcesBuildPhase;
			buildActionMask = 2147483647;
			files = (
				E690068114F5A79800F39AD1 /* InfoPlist.strings in Resources */,
				E690068A14F5A79800F39AD1 /* MainStoryboard_iPhone.storyboard in Resources */,
				E690068D14F5A79800F39AD1 /* MainStoryboard_iPad.storyboard in Resources */,
			);
			runOnlyForDeploymentPostprocessing = 0;
		};
/* End PBXResourcesBuildPhase section */

/* Begin PBXSourcesBuildPhase section */
		E690066E14F5A79800F39AD1 /* Sources */ = {
			isa = PBXSourcesBuildPhase;
			buildActionMask = 2147483647;
			files = (
				E690068314F5A79800F39AD1 /* main.m in Sources */,
				E690068714F5A79800F39AD1 /* PFAppDelegate.m in Sources */,
				E690069014F5A79800F39AD1 /* PFMasterViewController.m in Sources */,
				E690069314F5A79800F39AD1 /* PFDetailViewController.m in Sources */,
			);
			runOnlyForDeploymentPostprocessing = 0;
		};
/* End PBXSourcesBuildPhase section */

/* Begin PBXVariantGroup section */
		E690067F14F5A79800F39AD1 /* InfoPlist.strings */ = {
			isa = PBXVariantGroup;
			children = (
				E690068014F5A79800F39AD1 /* en */,
			);
			name = InfoPlist.strings;
			sourceTree = "<group>";
		};
		E690068814F5A79800F39AD1 /* MainStoryboard_iPhone.storyboard */ = {
			isa = PBXVariantGroup;
			children = (
				E690068914F5A79800F39AD1 /* en */,
			);
			name = MainStoryboard_iPhone.storyboard;
			sourceTree = "<group>";
		};
		E690068B14F5A79800F39AD1 /* MainStoryboard_iPad.storyboard */ = {
			isa = PBXVariantGroup;
			children = (
				E690068C14F5A79800F39AD1 /* en */,
			);
			name = MainStoryboard_iPad.storyboard;
			sourceTree = "<group>";
		};
/* End PBXVariantGroup section */

/* Begin XCBuildConfiguration section */
		E690069414F5A79800F39AD1 /* Debug */ = {
			isa = XCBuildConfiguration;
			buildSettings = {
				ALWAYS_SEARCH_USER_PATHS = NO;
				ARCHS = "$(ARCHS_STANDARD_32_BIT)";
				CLANG_ENABLE_OBJC_ARC = YES;
				"CODE_SIGN_IDENTITY[sdk=iphoneos*]" = "iPhone Developer";
				COPY_PHASE_STRIP = NO;
				GCC_C_LANGUAGE_STANDARD = gnu99;
				GCC_DYNAMIC_NO_PIC = NO;
				GCC_OPTIMIZATION_LEVEL = 0;
				GCC_PREPROCESSOR_DEFINITIONS = (
					"DEBUG=1",
					"$(inherited)",
				);
				GCC_SYMBOLS_PRIVATE_EXTERN = NO;
				GCC_VERSION = com.apple.compilers.llvm.clang.1_0;
				GCC_WARN_ABOUT_RETURN_TYPE = YES;
				GCC_WARN_UNINITIALIZED_AUTOS = YES;
				GCC_WARN_UNUSED_VARIABLE = YES;
				IPHONEOS_DEPLOYMENT_TARGET = 5.0;
				SDKROOT = iphoneos;
				TARGETED_DEVICE_FAMILY = "1,2";
			};
			name = Debug;
		};
		E690069514F5A79800F39AD1 /* Release */ = {
			isa = XCBuildConfiguration;
			buildSettings = {
				ALWAYS_SEARCH_USER_PATHS = NO;
				ARCHS = "$(ARCHS_STANDARD_32_BIT)";
				CLANG_ENABLE_OBJC_ARC = YES;
				"CODE_SIGN_IDENTITY[sdk=iphoneos*]" = "iPhone Developer";
				COPY_PHASE_STRIP = YES;
				GCC_C_LANGUAGE_STANDARD = gnu99;
				GCC_VERSION = com.apple.compilers.llvm.clang.1_0;
				GCC_WARN_ABOUT_RETURN_TYPE = YES;
				GCC_WARN_UNINITIALIZED_AUTOS = YES;
				GCC_WARN_UNUSED_VARIABLE = YES;
				IPHONEOS_DEPLOYMENT_TARGET = 5.0;
				OTHER_CFLAGS = "-DNS_BLOCK_ASSERTIONS=1";
				SDKROOT = iphoneos;
				TARGETED_DEVICE_FAMILY = "1,2";
				VALIDATE_PRODUCT = YES;
			};
			name = Release;
		};
		E690069714F5A79800F39AD1 /* Debug */ = {
			isa = XCBuildConfiguration;
			buildSettings = {
				GCC_PRECOMPILE_PREFIX_HEADER = YES;
				GCC_PREFIX_HEADER = "GLKitSampler/GLKitSampler-Prefix.pch";
				INFOPLIST_FILE = "GLKitSampler/GLKitSampler-Info.plist";
				PRODUCT_NAME = "$(TARGET_NAME)";
				WRAPPER_EXTENSION = app;
			};
			name = Debug;
		};
		E690069814F5A79800F39AD1 /* Release */ = {
			isa = XCBuildConfiguration;
			buildSettings = {
				GCC_PRECOMPILE_PREFIX_HEADER = YES;
				GCC_PREFIX_HEADER = "GLKitSampler/GLKitSampler-Prefix.pch";
				INFOPLIST_FILE = "GLKitSampler/GLKitSampler-Info.plist";
				PRODUCT_NAME = "$(TARGET_NAME)";
				WRAPPER_EXTENSION = app;
			};
			name = Release;
		};
/* End XCBuildConfiguration section */

/* Begin XCConfigurationList section */
		E690066C14F5A79800F39AD1 /* Build configuration list for PBXProject "GLKitSampler" */ = {
			isa = XCConfigurationList;
			buildConfigurations = (
				E690069414F5A79800F39AD1 /* Debug */,
				E690069514F5A79800F39AD1 /* Release */,
			);
			defaultConfigurationIsVisible = 0;
			defaultConfigurationName = Release;
		};
		E690069614F5A79800F39AD1 /* Build configuration list for PBXNativeTarget "GLKitSampler" */ = {
			isa = XCConfigurationList;
			buildConfigurations = (
				E690069714F5A79800F39AD1 /* Debug */,
				E690069814F5A79800F39AD1 /* Release */,
			);
			defaultConfigurationIsVisible = 0;
		};
/* End XCConfigurationList section */
	};
	rootObject = E690066914F5A79800F39AD1 /* Project object */;
}
